<?xml version="1.0" encoding="UTF-8"?>
<Scheme
   version = "1.3">
   <BuildAction>
      <BuildActionEntries>
         <BuildActionEntry
            buildForRunning = "YES">
            <BuildableReference
               BuildableIdentifier = "primary"
               BlueprintIdentifier = "1A9A0FA0ED7E9543F822A392"
               BuildableName = "RubyDavidson.app"
               BlueprintName = "RubyDavidson"
               ReferencedContainer = "container:RubyDavidson.xcodeproj">
            </BuildableReference>
         </BuildActionEntry>
      </BuildActionEntries>
   </BuildAction>
   <LaunchAction
      useCustomWorkingDirectory = "NO"
      buildConfiguration = "Debug">
      <BuildableProductRunnable>
         <BuildableReference
            BuildableIdentifier = "primary"
            BlueprintIdentifier = "1A9A0FA0ED7E9543F822A392"
            BuildableName = "RubyDavidson.app"
            BlueprintName = "RubyDavidson"
            ReferencedContainer = "container:RubyDavidson.xcodeproj">
         </BuildableReference>
      </BuildableProductRunnable>
   </LaunchAction>
</Scheme>
